// !$*UTF8*$!
{
	archiveVersion = 1;
	classes = {
	};
	objectVersion = 56;
	objects = {

/* Begin PBXBuildFile section */
		71BB8952559D7E6813CA26EC /* Pods_BootCamp.framework in Frameworks */ = {isa = PBXBuildFile; fileRef = F4FDEC195E1D4A913172F271 /* Pods_BootCamp.framework */; };
		8E0D6C130A847ACC630DA278 /* Pods_BootCamp_BootCampUITests.framework in Frameworks */ = {isa = PBXBuildFile; fileRef = 5C5E86C5537A6597F974FDDE /* Pods_BootCamp_BootCampUITests.framework */; };
		CE650FD4855D6612B307C477 /* Pods_BootCampTests.framework in Frameworks */ = {isa = PBXBuildFile; fileRef = 8FAE1273166D06D492BDA684 /* Pods_BootCampTests.framework */; };
		D7564F772AD772D5005247D6 /* AppDelegate.swift in Sources */ = {isa = PBXBuildFile; fileRef = D7564F762AD772D5005247D6 /* AppDelegate.swift */; };
		D7564F7B2AD772D5005247D6 /* ViewController.swift in Sources */ = {isa = PBXBuildFile; fileRef = D7564F7A2AD772D5005247D6 /* ViewController.swift */; };
		D7564F7E2AD772D5005247D6 /* Main.storyboard in Resources */ = {isa = PBXBuildFile; fileRef = D7564F7C2AD772D5005247D6 /* Main.storyboard */; };
		D7564F802AD772D6005247D6 /* Assets.xcassets in Resources */ = {isa = PBXBuildFile; fileRef = D7564F7F2AD772D6005247D6 /* Assets.xcassets */; };
		D7564F832AD772D6005247D6 /* LaunchScreen.storyboard in Resources */ = {isa = PBXBuildFile; fileRef = D7564F812AD772D6005247D6 /* LaunchScreen.storyboard */; };
		D7564F8E2AD772D6005247D6 /* BootCampTests.swift in Sources */ = {isa = PBXBuildFile; fileRef = D7564F8D2AD772D6005247D6 /* BootCampTests.swift */; };
		D7564F982AD772D6005247D6 /* BootCampUITests.swift in Sources */ = {isa = PBXBuildFile; fileRef = D7564F972AD772D6005247D6 /* BootCampUITests.swift */; };
		D7564F9A2AD772D6005247D6 /* BootCampUITestsLaunchTests.swift in Sources */ = {isa = PBXBuildFile; fileRef = D7564F992AD772D6005247D6 /* BootCampUITestsLaunchTests.swift */; };
		D7564FA82AD77B1E005247D6 /* SearchViewController.swift in Sources */ = {isa = PBXBuildFile; fileRef = D7564FA72AD77B1E005247D6 /* SearchViewController.swift */; };
		D7564FAA2AD77B2C005247D6 /* SearchViewModel.swift in Sources */ = {isa = PBXBuildFile; fileRef = D7564FA92AD77B2C005247D6 /* SearchViewModel.swift */; };
		D7564FAC2AD77B36005247D6 /* SearchModel.swift in Sources */ = {isa = PBXBuildFile; fileRef = D7564FAB2AD77B36005247D6 /* SearchModel.swift */; };
		D7564FAF2AD77B8F005247D6 /* CustomViewController.swift in Sources */ = {isa = PBXBuildFile; fileRef = D7564FAE2AD77B8F005247D6 /* CustomViewController.swift */; };
		D7564FB22AD77E9B005247D6 /* Extension_ViewController.swift in Sources */ = {isa = PBXBuildFile; fileRef = D7564FB12AD77E9B005247D6 /* Extension_ViewController.swift */; };
		D7564FB42AD7808C005247D6 /* Extension_Color.swift in Sources */ = {isa = PBXBuildFile; fileRef = D7564FB32AD7808C005247D6 /* Extension_Color.swift */; };
		D7564FB72AD781F6005247D6 /* SpinnerViewController.swift in Sources */ = {isa = PBXBuildFile; fileRef = D7564FB62AD781F6005247D6 /* SpinnerViewController.swift */; };
		D7564FB92AD78334005247D6 /* Theme.swift in Sources */ = {isa = PBXBuildFile; fileRef = D7564FB82AD78334005247D6 /* Theme.swift */; };
		D7564FBB2AD78607005247D6 /* Extension_UIImage.swift in Sources */ = {isa = PBXBuildFile; fileRef = D7564FBA2AD78607005247D6 /* Extension_UIImage.swift */; };
		D7564FBD2AD78844005247D6 /* SearchBar.swift in Sources */ = {isa = PBXBuildFile; fileRef = D7564FBC2AD78844005247D6 /* SearchBar.swift */; };
		D7564FBF2AD78D41005247D6 /* SearchCell.swift in Sources */ = {isa = PBXBuildFile; fileRef = D7564FBE2AD78D41005247D6 /* SearchCell.swift */; };
		D7564FC12AD78FCC005247D6 /* Extension_Label.swift in Sources */ = {isa = PBXBuildFile; fileRef = D7564FC02AD78FCC005247D6 /* Extension_Label.swift */; };
		D7564FC32AD79208005247D6 /* Extension_UIView.swift in Sources */ = {isa = PBXBuildFile; fileRef = D7564FC22AD79208005247D6 /* Extension_UIView.swift */; };
		D7564FC62AD7988B005247D6 /* MainTabBarController.swift in Sources */ = {isa = PBXBuildFile; fileRef = D7564FC52AD7988B005247D6 /* MainTabBarController.swift */; };
		D7564FC92AD79950005247D6 /* PersonalDataViewController.swift in Sources */ = {isa = PBXBuildFile; fileRef = D7564FC82AD79950005247D6 /* PersonalDataViewController.swift */; };
		D7564FD22AD7CC8B005247D6 /* MyTextField.swift in Sources */ = {isa = PBXBuildFile; fileRef = D7564FD12AD7CC8B005247D6 /* MyTextField.swift */; };
		D7564FD42AD7D954005247D6 /* PersonalSettingButton.swift in Sources */ = {isa = PBXBuildFile; fileRef = D7564FD32AD7D954005247D6 /* PersonalSettingButton.swift */; };
		D7564FD72AD7E1C8005247D6 /* ITuneDetailViewController.swift in Sources */ = {isa = PBXBuildFile; fileRef = D7564FD62AD7E1C8005247D6 /* ITuneDetailViewController.swift */; };
/* End PBXBuildFile section */

/* Begin PBXContainerItemProxy section */
		D7564F8A2AD772D6005247D6 /* PBXContainerItemProxy */ = {
			isa = PBXContainerItemProxy;
			containerPortal = D7564F6B2AD772D4005247D6 /* Project object */;
			proxyType = 1;
			remoteGlobalIDString = D7564F722AD772D5005247D6;
			remoteInfo = BootCamp;
		};
		D7564F942AD772D6005247D6 /* PBXContainerItemProxy */ = {
			isa = PBXContainerItemProxy;
			containerPortal = D7564F6B2AD772D4005247D6 /* Project object */;
			proxyType = 1;
			remoteGlobalIDString = D7564F722AD772D5005247D6;
			remoteInfo = BootCamp;
		};
/* End PBXContainerItemProxy section */

/* Begin PBXFileReference section */
		20618C5CA8D788C50DAA4B84 /* Pods-BootCamp-BootCampUITests.release.xcconfig */ = {isa = PBXFileReference; includeInIndex = 1; lastKnownFileType = text.xcconfig; name = "Pods-BootCamp-BootCampUITests.release.xcconfig"; path = "Target Support Files/Pods-BootCamp-BootCampUITests/Pods-BootCamp-BootCampUITests.release.xcconfig"; sourceTree = "<group>"; };
		3FFFCBF0CE2872381453EB81 /* Pods-BootCampTests.release.xcconfig */ = {isa = PBXFileReference; includeInIndex = 1; lastKnownFileType = text.xcconfig; name = "Pods-BootCampTests.release.xcconfig"; path = "Target Support Files/Pods-BootCampTests/Pods-BootCampTests.release.xcconfig"; sourceTree = "<group>"; };
		5C5E86C5537A6597F974FDDE /* Pods_BootCamp_BootCampUITests.framework */ = {isa = PBXFileReference; explicitFileType = wrapper.framework; includeInIndex = 0; path = Pods_BootCamp_BootCampUITests.framework; sourceTree = BUILT_PRODUCTS_DIR; };
		8FAE1273166D06D492BDA684 /* Pods_BootCampTests.framework */ = {isa = PBXFileReference; explicitFileType = wrapper.framework; includeInIndex = 0; path = Pods_BootCampTests.framework; sourceTree = BUILT_PRODUCTS_DIR; };
		99A6B1448645735AC2D8E8B2 /* Pods-BootCampTests.debug.xcconfig */ = {isa = PBXFileReference; includeInIndex = 1; lastKnownFileType = text.xcconfig; name = "Pods-BootCampTests.debug.xcconfig"; path = "Target Support Files/Pods-BootCampTests/Pods-BootCampTests.debug.xcconfig"; sourceTree = "<group>"; };
		9E8AEBF6C50CD3A4C4703B1B /* Pods-BootCamp.release.xcconfig */ = {isa = PBXFileReference; includeInIndex = 1; lastKnownFileType = text.xcconfig; name = "Pods-BootCamp.release.xcconfig"; path = "Target Support Files/Pods-BootCamp/Pods-BootCamp.release.xcconfig"; sourceTree = "<group>"; };
		9F35822F19A63B5623A3C746 /* Pods-BootCamp.debug.xcconfig */ = {isa = PBXFileReference; includeInIndex = 1; lastKnownFileType = text.xcconfig; name = "Pods-BootCamp.debug.xcconfig"; path = "Target Support Files/Pods-BootCamp/Pods-BootCamp.debug.xcconfig"; sourceTree = "<group>"; };
		D5DBA0D1507FE7C00925D2DD /* Pods-BootCamp-BootCampUITests.debug.xcconfig */ = {isa = PBXFileReference; includeInIndex = 1; lastKnownFileType = text.xcconfig; name = "Pods-BootCamp-BootCampUITests.debug.xcconfig"; path = "Target Support Files/Pods-BootCamp-BootCampUITests/Pods-BootCamp-BootCampUITests.debug.xcconfig"; sourceTree = "<group>"; };
		D7564F732AD772D5005247D6 /* BootCamp.app */ = {isa = PBXFileReference; explicitFileType = wrapper.application; includeInIndex = 0; path = BootCamp.app; sourceTree = BUILT_PRODUCTS_DIR; };
		D7564F762AD772D5005247D6 /* AppDelegate.swift */ = {isa = PBXFileReference; lastKnownFileType = sourcecode.swift; path = AppDelegate.swift; sourceTree = "<group>"; };
		D7564F7A2AD772D5005247D6 /* ViewController.swift */ = {isa = PBXFileReference; lastKnownFileType = sourcecode.swift; path = ViewController.swift; sourceTree = "<group>"; };
		D7564F7D2AD772D5005247D6 /* Base */ = {isa = PBXFileReference; lastKnownFileType = file.storyboard; name = Base; path = Base.lproj/Main.storyboard; sourceTree = "<group>"; };
		D7564F7F2AD772D6005247D6 /* Assets.xcassets */ = {isa = PBXFileReference; lastKnownFileType = folder.assetcatalog; path = Assets.xcassets; sourceTree = "<group>"; };
		D7564F822AD772D6005247D6 /* Base */ = {isa = PBXFileReference; lastKnownFileType = file.storyboard; name = Base; path = Base.lproj/LaunchScreen.storyboard; sourceTree = "<group>"; };
		D7564F842AD772D6005247D6 /* Info.plist */ = {isa = PBXFileReference; lastKnownFileType = text.plist.xml; path = Info.plist; sourceTree = "<group>"; };
		D7564F892AD772D6005247D6 /* BootCampTests.xctest */ = {isa = PBXFileReference; explicitFileType = wrapper.cfbundle; includeInIndex = 0; path = BootCampTests.xctest; sourceTree = BUILT_PRODUCTS_DIR; };
		D7564F8D2AD772D6005247D6 /* BootCampTests.swift */ = {isa = PBXFileReference; lastKnownFileType = sourcecode.swift; path = BootCampTests.swift; sourceTree = "<group>"; };
		D7564F932AD772D6005247D6 /* BootCampUITests.xctest */ = {isa = PBXFileReference; explicitFileType = wrapper.cfbundle; includeInIndex = 0; path = BootCampUITests.xctest; sourceTree = BUILT_PRODUCTS_DIR; };
		D7564F972AD772D6005247D6 /* BootCampUITests.swift */ = {isa = PBXFileReference; lastKnownFileType = sourcecode.swift; path = BootCampUITests.swift; sourceTree = "<group>"; };
		D7564F992AD772D6005247D6 /* BootCampUITestsLaunchTests.swift */ = {isa = PBXFileReference; lastKnownFileType = sourcecode.swift; path = BootCampUITestsLaunchTests.swift; sourceTree = "<group>"; };
		D7564FA72AD77B1E005247D6 /* SearchViewController.swift */ = {isa = PBXFileReference; lastKnownFileType = sourcecode.swift; path = SearchViewController.swift; sourceTree = "<group>"; };
		D7564FA92AD77B2C005247D6 /* SearchViewModel.swift */ = {isa = PBXFileReference; lastKnownFileType = sourcecode.swift; path = SearchViewModel.swift; sourceTree = "<group>"; };
		D7564FAB2AD77B36005247D6 /* SearchModel.swift */ = {isa = PBXFileReference; lastKnownFileType = sourcecode.swift; path = SearchModel.swift; sourceTree = "<group>"; };
		D7564FAE2AD77B8F005247D6 /* CustomViewController.swift */ = {isa = PBXFileReference; lastKnownFileType = sourcecode.swift; path = CustomViewController.swift; sourceTree = "<group>"; };
		D7564FB12AD77E9B005247D6 /* Extension_ViewController.swift */ = {isa = PBXFileReference; lastKnownFileType = sourcecode.swift; path = Extension_ViewController.swift; sourceTree = "<group>"; };
		D7564FB32AD7808C005247D6 /* Extension_Color.swift */ = {isa = PBXFileReference; lastKnownFileType = sourcecode.swift; path = Extension_Color.swift; sourceTree = "<group>"; };
		D7564FB62AD781F6005247D6 /* SpinnerViewController.swift */ = {isa = PBXFileReference; lastKnownFileType = sourcecode.swift; path = SpinnerViewController.swift; sourceTree = "<group>"; };
		D7564FB82AD78334005247D6 /* Theme.swift */ = {isa = PBXFileReference; lastKnownFileType = sourcecode.swift; path = Theme.swift; sourceTree = "<group>"; };
		D7564FBA2AD78607005247D6 /* Extension_UIImage.swift */ = {isa = PBXFileReference; lastKnownFileType = sourcecode.swift; path = Extension_UIImage.swift; sourceTree = "<group>"; };
		D7564FBC2AD78844005247D6 /* SearchBar.swift */ = {isa = PBXFileReference; lastKnownFileType = sourcecode.swift; path = SearchBar.swift; sourceTree = "<group>"; };
		D7564FBE2AD78D41005247D6 /* SearchCell.swift */ = {isa = PBXFileReference; lastKnownFileType = sourcecode.swift; path = SearchCell.swift; sourceTree = "<group>"; };
		D7564FC02AD78FCC005247D6 /* Extension_Label.swift */ = {isa = PBXFileReference; lastKnownFileType = sourcecode.swift; path = Extension_Label.swift; sourceTree = "<group>"; };
		D7564FC22AD79208005247D6 /* Extension_UIView.swift */ = {isa = PBXFileReference; lastKnownFileType = sourcecode.swift; path = Extension_UIView.swift; sourceTree = "<group>"; };
		D7564FC52AD7988B005247D6 /* MainTabBarController.swift */ = {isa = PBXFileReference; lastKnownFileType = sourcecode.swift; path = MainTabBarController.swift; sourceTree = "<group>"; };
		D7564FC82AD79950005247D6 /* PersonalDataViewController.swift */ = {isa = PBXFileReference; lastKnownFileType = sourcecode.swift; path = PersonalDataViewController.swift; sourceTree = "<group>"; };
		D7564FCA2AD79D38005247D6 /* Alamofire.framework */ = {isa = PBXFileReference; explicitFileType = wrapper.framework; path = Alamofire.framework; sourceTree = BUILT_PRODUCTS_DIR; };
		D7564FCB2AD79D38005247D6 /* SDWebImage.framework */ = {isa = PBXFileReference; explicitFileType = wrapper.framework; path = SDWebImage.framework; sourceTree = BUILT_PRODUCTS_DIR; };
		D7564FD12AD7CC8B005247D6 /* MyTextField.swift */ = {isa = PBXFileReference; lastKnownFileType = sourcecode.swift; path = MyTextField.swift; sourceTree = "<group>"; };
		D7564FD32AD7D954005247D6 /* PersonalSettingButton.swift */ = {isa = PBXFileReference; lastKnownFileType = sourcecode.swift; path = PersonalSettingButton.swift; sourceTree = "<group>"; };
		D7564FD62AD7E1C8005247D6 /* ITuneDetailViewController.swift */ = {isa = PBXFileReference; lastKnownFileType = sourcecode.swift; path = ITuneDetailViewController.swift; sourceTree = "<group>"; };
		F4FDEC195E1D4A913172F271 /* Pods_BootCamp.framework */ = {isa = PBXFileReference; explicitFileType = wrapper.framework; includeInIndex = 0; path = Pods_BootCamp.framework; sourceTree = BUILT_PRODUCTS_DIR; };
/* End PBXFileReference section */

/* Begin PBXFrameworksBuildPhase section */
		D7564F702AD772D5005247D6 /* Frameworks */ = {
			isa = PBXFrameworksBuildPhase;
			buildActionMask = 2147483647;
			files = (
				71BB8952559D7E6813CA26EC /* Pods_BootCamp.framework in Frameworks */,
			);
			runOnlyForDeploymentPostprocessing = 0;
		};
		D7564F862AD772D6005247D6 /* Frameworks */ = {
			isa = PBXFrameworksBuildPhase;
			buildActionMask = 2147483647;
			files = (
				CE650FD4855D6612B307C477 /* Pods_BootCampTests.framework in Frameworks */,
			);
			runOnlyForDeploymentPostprocessing = 0;
		};
		D7564F902AD772D6005247D6 /* Frameworks */ = {
			isa = PBXFrameworksBuildPhase;
			buildActionMask = 2147483647;
			files = (
				8E0D6C130A847ACC630DA278 /* Pods_BootCamp_BootCampUITests.framework in Frameworks */,
			);
			runOnlyForDeploymentPostprocessing = 0;
		};
/* End PBXFrameworksBuildPhase section */

/* Begin PBXGroup section */
		4C5069D4C0A5252F2E90121C /* Pods */ = {
			isa = PBXGroup;
			children = (
				9F35822F19A63B5623A3C746 /* Pods-BootCamp.debug.xcconfig */,
				9E8AEBF6C50CD3A4C4703B1B /* Pods-BootCamp.release.xcconfig */,
				D5DBA0D1507FE7C00925D2DD /* Pods-BootCamp-BootCampUITests.debug.xcconfig */,
				20618C5CA8D788C50DAA4B84 /* Pods-BootCamp-BootCampUITests.release.xcconfig */,
				99A6B1448645735AC2D8E8B2 /* Pods-BootCampTests.debug.xcconfig */,
				3FFFCBF0CE2872381453EB81 /* Pods-BootCampTests.release.xcconfig */,
			);
			path = Pods;
			sourceTree = "<group>";
		};
		D7564F6A2AD772D4005247D6 = {
			isa = PBXGroup;
			children = (
				D7564F752AD772D5005247D6 /* BootCamp */,
				D7564F8C2AD772D6005247D6 /* BootCampTests */,
				D7564F962AD772D6005247D6 /* BootCampUITests */,
				D7564F742AD772D5005247D6 /* Products */,
				4C5069D4C0A5252F2E90121C /* Pods */,
				EE5644B985DC1B442DE397E3 /* Frameworks */,
			);
			sourceTree = "<group>";
		};
		D7564F742AD772D5005247D6 /* Products */ = {
			isa = PBXGroup;
			children = (
				D7564F732AD772D5005247D6 /* BootCamp.app */,
				D7564F892AD772D6005247D6 /* BootCampTests.xctest */,
				D7564F932AD772D6005247D6 /* BootCampUITests.xctest */,
			);
			name = Products;
			sourceTree = "<group>";
		};
		D7564F752AD772D5005247D6 /* BootCamp */ = {
			isa = PBXGroup;
			children = (
				D7564FD52AD7E1AB005247D6 /* WebView */,
				D7564FC72AD79927005247D6 /* PersonalData */,
				D7564FC42AD79872005247D6 /* MainTabBar */,
				D7564FB52AD781D9005247D6 /* PublicView */,
				D7564FB02AD77E8C005247D6 /* Extension */,
				D7564FAD2AD77B7A005247D6 /* Custom */,
				D7564FA62AD77B08005247D6 /* Search */,
				D7564F762AD772D5005247D6 /* AppDelegate.swift */,
				D7564F7A2AD772D5005247D6 /* ViewController.swift */,
				D7564F7C2AD772D5005247D6 /* Main.storyboard */,
				D7564F7F2AD772D6005247D6 /* Assets.xcassets */,
				D7564F812AD772D6005247D6 /* LaunchScreen.storyboard */,
				D7564F842AD772D6005247D6 /* Info.plist */,
				D7564FB82AD78334005247D6 /* Theme.swift */,
			);
			path = BootCamp;
			sourceTree = "<group>";
		};
		D7564F8C2AD772D6005247D6 /* BootCampTests */ = {
			isa = PBXGroup;
			children = (
				D7564F8D2AD772D6005247D6 /* BootCampTests.swift */,
			);
			path = BootCampTests;
			sourceTree = "<group>";
		};
		D7564F962AD772D6005247D6 /* BootCampUITests */ = {
			isa = PBXGroup;
			children = (
				D7564F972AD772D6005247D6 /* BootCampUITests.swift */,
				D7564F992AD772D6005247D6 /* BootCampUITestsLaunchTests.swift */,
			);
			path = BootCampUITests;
			sourceTree = "<group>";
		};
		D7564FA62AD77B08005247D6 /* Search */ = {
			isa = PBXGroup;
			children = (
				D7564FA72AD77B1E005247D6 /* SearchViewController.swift */,
				D7564FA92AD77B2C005247D6 /* SearchViewModel.swift */,
				D7564FAB2AD77B36005247D6 /* SearchModel.swift */,
				D7564FBC2AD78844005247D6 /* SearchBar.swift */,
				D7564FBE2AD78D41005247D6 /* SearchCell.swift */,
			);
			path = Search;
			sourceTree = "<group>";
		};
		D7564FAD2AD77B7A005247D6 /* Custom */ = {
			isa = PBXGroup;
			children = (
				D7564FAE2AD77B8F005247D6 /* CustomViewController.swift */,
			);
			path = Custom;
			sourceTree = "<group>";
		};
		D7564FB02AD77E8C005247D6 /* Extension */ = {
			isa = PBXGroup;
			children = (
				D7564FB12AD77E9B005247D6 /* Extension_ViewController.swift */,
				D7564FB32AD7808C005247D6 /* Extension_Color.swift */,
				D7564FBA2AD78607005247D6 /* Extension_UIImage.swift */,
				D7564FC02AD78FCC005247D6 /* Extension_Label.swift */,
				D7564FC22AD79208005247D6 /* Extension_UIView.swift */,
			);
			path = Extension;
			sourceTree = "<group>";
		};
		D7564FB52AD781D9005247D6 /* PublicView */ = {
			isa = PBXGroup;
			children = (
				D7564FB62AD781F6005247D6 /* SpinnerViewController.swift */,
				D7564FD12AD7CC8B005247D6 /* MyTextField.swift */,
			);
			path = PublicView;
			sourceTree = "<group>";
		};
		D7564FC42AD79872005247D6 /* MainTabBar */ = {
			isa = PBXGroup;
			children = (
				D7564FC52AD7988B005247D6 /* MainTabBarController.swift */,
			);
			path = MainTabBar;
			sourceTree = "<group>";
		};
		D7564FC72AD79927005247D6 /* PersonalData */ = {
			isa = PBXGroup;
			children = (
				D7564FC82AD79950005247D6 /* PersonalDataViewController.swift */,
				D7564FD32AD7D954005247D6 /* PersonalSettingButton.swift */,
			);
			path = PersonalData;
			sourceTree = "<group>";
		};
		D7564FD52AD7E1AB005247D6 /* WebView */ = {
			isa = PBXGroup;
			children = (
				D7564FD62AD7E1C8005247D6 /* ITuneDetailViewController.swift */,
			);
			path = WebView;
			sourceTree = "<group>";
		};
		EE5644B985DC1B442DE397E3 /* Frameworks */ = {
			isa = PBXGroup;
			children = (
				D7564FCA2AD79D38005247D6 /* Alamofire.framework */,
				D7564FCB2AD79D38005247D6 /* SDWebImage.framework */,
				F4FDEC195E1D4A913172F271 /* Pods_BootCamp.framework */,
				5C5E86C5537A6597F974FDDE /* Pods_BootCamp_BootCampUITests.framework */,
				8FAE1273166D06D492BDA684 /* Pods_BootCampTests.framework */,
			);
			name = Frameworks;
			sourceTree = "<group>";
		};
/* End PBXGroup section */

/* Begin PBXNativeTarget section */
		D7564F722AD772D5005247D6 /* BootCamp */ = {
			isa = PBXNativeTarget;
			buildConfigurationList = D7564F9D2AD772D6005247D6 /* Build configuration list for PBXNativeTarget "BootCamp" */;
			buildPhases = (
				C31A602AD4B4200B3DC93092 /* [CP] Check Pods Manifest.lock */,
				D7564F6F2AD772D5005247D6 /* Sources */,
				D7564F702AD772D5005247D6 /* Frameworks */,
				D7564F712AD772D5005247D6 /* Resources */,
				7D50A275303AAFF581982118 /* [CP] Embed Pods Frameworks */,
			);
			buildRules = (
			);
			dependencies = (
			);
			name = BootCamp;
			productName = BootCamp;
			productReference = D7564F732AD772D5005247D6 /* BootCamp.app */;
			productType = "com.apple.product-type.application";
		};
		D7564F882AD772D6005247D6 /* BootCampTests */ = {
			isa = PBXNativeTarget;
			buildConfigurationList = D7564FA02AD772D6005247D6 /* Build configuration list for PBXNativeTarget "BootCampTests" */;
			buildPhases = (
				3E4E19C259513D26090E2F08 /* [CP] Check Pods Manifest.lock */,
				D7564F852AD772D6005247D6 /* Sources */,
				D7564F862AD772D6005247D6 /* Frameworks */,
				D7564F872AD772D6005247D6 /* Resources */,
			);
			buildRules = (
			);
			dependencies = (
				D7564F8B2AD772D6005247D6 /* PBXTargetDependency */,
			);
			name = BootCampTests;
			productName = BootCampTests;
			productReference = D7564F892AD772D6005247D6 /* BootCampTests.xctest */;
			productType = "com.apple.product-type.bundle.unit-test";
		};
		D7564F922AD772D6005247D6 /* BootCampUITests */ = {
			isa = PBXNativeTarget;
			buildConfigurationList = D7564FA32AD772D6005247D6 /* Build configuration list for PBXNativeTarget "BootCampUITests" */;
			buildPhases = (
				5F92340A4B09B0377AEB09FA /* [CP] Check Pods Manifest.lock */,
				D7564F8F2AD772D6005247D6 /* Sources */,
				D7564F902AD772D6005247D6 /* Frameworks */,
				D7564F912AD772D6005247D6 /* Resources */,
				B30EB6055B73EC3738665527 /* [CP] Embed Pods Frameworks */,
			);
			buildRules = (
			);
			dependencies = (
				D7564F952AD772D6005247D6 /* PBXTargetDependency */,
			);
			name = BootCampUITests;
			productName = BootCampUITests;
			productReference = D7564F932AD772D6005247D6 /* BootCampUITests.xctest */;
			productType = "com.apple.product-type.bundle.ui-testing";
		};
/* End PBXNativeTarget section */

/* Begin PBXProject section */
		D7564F6B2AD772D4005247D6 /* Project object */ = {
			isa = PBXProject;
			attributes = {
				BuildIndependentTargetsInParallel = 1;
				LastSwiftUpdateCheck = 1500;
				LastUpgradeCheck = 1500;
				TargetAttributes = {
					D7564F722AD772D5005247D6 = {
						CreatedOnToolsVersion = 15.0;
					};
					D7564F882AD772D6005247D6 = {
						CreatedOnToolsVersion = 15.0;
						TestTargetID = D7564F722AD772D5005247D6;
					};
					D7564F922AD772D6005247D6 = {
						CreatedOnToolsVersion = 15.0;
						TestTargetID = D7564F722AD772D5005247D6;
					};
				};
			};
			buildConfigurationList = D7564F6E2AD772D4005247D6 /* Build configuration list for PBXProject "BootCamp" */;
			compatibilityVersion = "Xcode 14.0";
			developmentRegion = en;
			hasScannedForEncodings = 0;
			knownRegions = (
				en,
				Base,
			);
			mainGroup = D7564F6A2AD772D4005247D6;
			productRefGroup = D7564F742AD772D5005247D6 /* Products */;
			projectDirPath = "";
			projectRoot = "";
			targets = (
				D7564F722AD772D5005247D6 /* BootCamp */,
				D7564F882AD772D6005247D6 /* BootCampTests */,
				D7564F922AD772D6005247D6 /* BootCampUITests */,
			);
		};
/* End PBXProject section */

/* Begin PBXResourcesBuildPhase section */
		D7564F712AD772D5005247D6 /* Resources */ = {
			isa = PBXResourcesBuildPhase;
			buildActionMask = 2147483647;
			files = (
				D7564F832AD772D6005247D6 /* LaunchScreen.storyboard in Resources */,
				D7564F802AD772D6005247D6 /* Assets.xcassets in Resources */,
				D7564F7E2AD772D5005247D6 /* Main.storyboard in Resources */,
			);
			runOnlyForDeploymentPostprocessing = 0;
		};
		D7564F872AD772D6005247D6 /* Resources */ = {
			isa = PBXResourcesBuildPhase;
			buildActionMask = 2147483647;
			files = (
			);
			runOnlyForDeploymentPostprocessing = 0;
		};
		D7564F912AD772D6005247D6 /* Resources */ = {
			isa = PBXResourcesBuildPhase;
			buildActionMask = 2147483647;
			files = (
			);
			runOnlyForDeploymentPostprocessing = 0;
		};
/* End PBXResourcesBuildPhase section */

/* Begin PBXShellScriptBuildPhase section */
		3E4E19C259513D26090E2F08 /* [CP] Check Pods Manifest.lock */ = {
			isa = PBXShellScriptBuildPhase;
			buildActionMask = 2147483647;
			files = (
			);
			inputFileListPaths = (
			);
			inputPaths = (
				"${PODS_PODFILE_DIR_PATH}/Podfile.lock",
				"${PODS_ROOT}/Manifest.lock",
			);
			name = "[CP] Check Pods Manifest.lock";
			outputFileListPaths = (
			);
			outputPaths = (
				"$(DERIVED_FILE_DIR)/Pods-BootCampTests-checkManifestLockResult.txt",
			);
			runOnlyForDeploymentPostprocessing = 0;
			shellPath = /bin/sh;
			shellScript = "diff \"${PODS_PODFILE_DIR_PATH}/Podfile.lock\" \"${PODS_ROOT}/Manifest.lock\" > /dev/null\nif [ $? != 0 ] ; then\n    # print error to STDERR\n    echo \"error: The sandbox is not in sync with the Podfile.lock. Run 'pod install' or update your CocoaPods installation.\" >&2\n    exit 1\nfi\n# This output is used by Xcode 'outputs' to avoid re-running this script phase.\necho \"SUCCESS\" > \"${SCRIPT_OUTPUT_FILE_0}\"\n";
			showEnvVarsInLog = 0;
		};
		5F92340A4B09B0377AEB09FA /* [CP] Check Pods Manifest.lock */ = {
			isa = PBXShellScriptBuildPhase;
			buildActionMask = 2147483647;
			files = (
			);
			inputFileListPaths = (
			);
			inputPaths = (
				"${PODS_PODFILE_DIR_PATH}/Podfile.lock",
				"${PODS_ROOT}/Manifest.lock",
			);
			name = "[CP] Check Pods Manifest.lock";
			outputFileListPaths = (
			);
			outputPaths = (
				"$(DERIVED_FILE_DIR)/Pods-BootCamp-BootCampUITests-checkManifestLockResult.txt",
			);
			runOnlyForDeploymentPostprocessing = 0;
			shellPath = /bin/sh;
			shellScript = "diff \"${PODS_PODFILE_DIR_PATH}/Podfile.lock\" \"${PODS_ROOT}/Manifest.lock\" > /dev/null\nif [ $? != 0 ] ; then\n    # print error to STDERR\n    echo \"error: The sandbox is not in sync with the Podfile.lock. Run 'pod install' or update your CocoaPods installation.\" >&2\n    exit 1\nfi\n# This output is used by Xcode 'outputs' to avoid re-running this script phase.\necho \"SUCCESS\" > \"${SCRIPT_OUTPUT_FILE_0}\"\n";
			showEnvVarsInLog = 0;
		};
		7D50A275303AAFF581982118 /* [CP] Embed Pods Frameworks */ = {
			isa = PBXShellScriptBuildPhase;
			buildActionMask = 2147483647;
			files = (
			);
			inputFileListPaths = (
				"${PODS_ROOT}/Target Support Files/Pods-BootCamp/Pods-BootCamp-frameworks-${CONFIGURATION}-input-files.xcfilelist",
			);
			name = "[CP] Embed Pods Frameworks";
			outputFileListPaths = (
				"${PODS_ROOT}/Target Support Files/Pods-BootCamp/Pods-BootCamp-frameworks-${CONFIGURATION}-output-files.xcfilelist",
			);
			runOnlyForDeploymentPostprocessing = 0;
			shellPath = /bin/sh;
			shellScript = "\"${PODS_ROOT}/Target Support Files/Pods-BootCamp/Pods-BootCamp-frameworks.sh\"\n";
			showEnvVarsInLog = 0;
		};
		B30EB6055B73EC3738665527 /* [CP] Embed Pods Frameworks */ = {
			isa = PBXShellScriptBuildPhase;
			buildActionMask = 2147483647;
			files = (
			);
			inputFileListPaths = (
				"${PODS_ROOT}/Target Support Files/Pods-BootCamp-BootCampUITests/Pods-BootCamp-BootCampUITests-frameworks-${CONFIGURATION}-input-files.xcfilelist",
			);
			name = "[CP] Embed Pods Frameworks";
			outputFileListPaths = (
				"${PODS_ROOT}/Target Support Files/Pods-BootCamp-BootCampUITests/Pods-BootCamp-BootCampUITests-frameworks-${CONFIGURATION}-output-files.xcfilelist",
			);
			runOnlyForDeploymentPostprocessing = 0;
			shellPath = /bin/sh;
			shellScript = "\"${PODS_ROOT}/Target Support Files/Pods-BootCamp-BootCampUITests/Pods-BootCamp-BootCampUITests-frameworks.sh\"\n";
			showEnvVarsInLog = 0;
		};
		C31A602AD4B4200B3DC93092 /* [CP] Check Pods Manifest.lock */ = {
			isa = PBXShellScriptBuildPhase;
			buildActionMask = 2147483647;
			files = (
			);
			inputFileListPaths = (
			);
			inputPaths = (
				"${PODS_PODFILE_DIR_PATH}/Podfile.lock",
				"${PODS_ROOT}/Manifest.lock",
			);
			name = "[CP] Check Pods Manifest.lock";
			outputFileListPaths = (
			);
			outputPaths = (
				"$(DERIVED_FILE_DIR)/Pods-BootCamp-checkManifestLockResult.txt",
			);
			runOnlyForDeploymentPostprocessing = 0;
			shellPath = /bin/sh;
			shellScript = "diff \"${PODS_PODFILE_DIR_PATH}/Podfile.lock\" \"${PODS_ROOT}/Manifest.lock\" > /dev/null\nif [ $? != 0 ] ; then\n    # print error to STDERR\n    echo \"error: The sandbox is not in sync with the Podfile.lock. Run 'pod install' or update your CocoaPods installation.\" >&2\n    exit 1\nfi\n# This output is used by Xcode 'outputs' to avoid re-running this script phase.\necho \"SUCCESS\" > \"${SCRIPT_OUTPUT_FILE_0}\"\n";
			showEnvVarsInLog = 0;
		};
/* End PBXShellScriptBuildPhase section */

/* Begin PBXSourcesBuildPhase section */
		D7564F6F2AD772D5005247D6 /* Sources */ = {
			isa = PBXSourcesBuildPhase;
			buildActionMask = 2147483647;
			files = (
				D7564FBF2AD78D41005247D6 /* SearchCell.swift in Sources */,
				D7564FC92AD79950005247D6 /* PersonalDataViewController.swift in Sources */,
				D7564F7B2AD772D5005247D6 /* ViewController.swift in Sources */,
				D7564FD22AD7CC8B005247D6 /* MyTextField.swift in Sources */,
				D7564FA82AD77B1E005247D6 /* SearchViewController.swift in Sources */,
				D7564FAA2AD77B2C005247D6 /* SearchViewModel.swift in Sources */,
				D7564FBB2AD78607005247D6 /* Extension_UIImage.swift in Sources */,
				D7564FB42AD7808C005247D6 /* Extension_Color.swift in Sources */,
				D7564FBD2AD78844005247D6 /* SearchBar.swift in Sources */,
				D7564FAF2AD77B8F005247D6 /* CustomViewController.swift in Sources */,
				D7564FC12AD78FCC005247D6 /* Extension_Label.swift in Sources */,
				D7564FC62AD7988B005247D6 /* MainTabBarController.swift in Sources */,
				D7564FD72AD7E1C8005247D6 /* ITuneDetailViewController.swift in Sources */,
				D7564FB22AD77E9B005247D6 /* Extension_ViewController.swift in Sources */,
				D7564FD42AD7D954005247D6 /* PersonalSettingButton.swift in Sources */,
				D7564FAC2AD77B36005247D6 /* SearchModel.swift in Sources */,
				D7564FC32AD79208005247D6 /* Extension_UIView.swift in Sources */,
				D7564FB92AD78334005247D6 /* Theme.swift in Sources */,
				D7564FB72AD781F6005247D6 /* SpinnerViewController.swift in Sources */,
				D7564F772AD772D5005247D6 /* AppDelegate.swift in Sources */,
			);
			runOnlyForDeploymentPostprocessing = 0;
		};
		D7564F852AD772D6005247D6 /* Sources */ = {
			isa = PBXSourcesBuildPhase;
			buildActionMask = 2147483647;
			files = (
				D7564F8E2AD772D6005247D6 /* BootCampTests.swift in Sources */,
			);
			runOnlyForDeploymentPostprocessing = 0;
		};
		D7564F8F2AD772D6005247D6 /* Sources */ = {
			isa = PBXSourcesBuildPhase;
			buildActionMask = 2147483647;
			files = (
				D7564F9A2AD772D6005247D6 /* BootCampUITestsLaunchTests.swift in Sources */,
				D7564F982AD772D6005247D6 /* BootCampUITests.swift in Sources */,
			);
			runOnlyForDeploymentPostprocessing = 0;
		};
/* End PBXSourcesBuildPhase section */

/* Begin PBXTargetDependency section */
		D7564F8B2AD772D6005247D6 /* PBXTargetDependency */ = {
			isa = PBXTargetDependency;
			target = D7564F722AD772D5005247D6 /* BootCamp */;
			targetProxy = D7564F8A2AD772D6005247D6 /* PBXContainerItemProxy */;
		};
		D7564F952AD772D6005247D6 /* PBXTargetDependency */ = {
			isa = PBXTargetDependency;
			target = D7564F722AD772D5005247D6 /* BootCamp */;
			targetProxy = D7564F942AD772D6005247D6 /* PBXContainerItemProxy */;
		};
/* End PBXTargetDependency section */

/* Begin PBXVariantGroup section */
		D7564F7C2AD772D5005247D6 /* Main.storyboard */ = {
			isa = PBXVariantGroup;
			children = (
				D7564F7D2AD772D5005247D6 /* Base */,
			);
			name = Main.storyboard;
			sourceTree = "<group>";
		};
		D7564F812AD772D6005247D6 /* LaunchScreen.storyboard */ = {
			isa = PBXVariantGroup;
			children = (
				D7564F822AD772D6005247D6 /* Base */,
			);
			name = LaunchScreen.storyboard;
			sourceTree = "<group>";
		};
/* End PBXVariantGroup section */

/* Begin XCBuildConfiguration section */
		D7564F9B2AD772D6005247D6 /* Debug */ = {
			isa = XCBuildConfiguration;
			buildSettings = {
				ALWAYS_SEARCH_USER_PATHS = NO;
				ASSETCATALOG_COMPILER_GENERATE_SWIFT_ASSET_SYMBOL_EXTENSIONS = YES;
				CLANG_ANALYZER_NONNULL = YES;
				CLANG_ANALYZER_NUMBER_OBJECT_CONVERSION = YES_AGGRESSIVE;
				CLANG_CXX_LANGUAGE_STANDARD = "gnu++20";
				CLANG_ENABLE_MODULES = YES;
				CLANG_ENABLE_OBJC_ARC = YES;
				CLANG_ENABLE_OBJC_WEAK = YES;
				CLANG_WARN_BLOCK_CAPTURE_AUTORELEASING = YES;
				CLANG_WARN_BOOL_CONVERSION = YES;
				CLANG_WARN_COMMA = YES;
				CLANG_WARN_CONSTANT_CONVERSION = YES;
				CLANG_WARN_DEPRECATED_OBJC_IMPLEMENTATIONS = YES;
				CLANG_WARN_DIRECT_OBJC_ISA_USAGE = YES_ERROR;
				CLANG_WARN_DOCUMENTATION_COMMENTS = YES;
				CLANG_WARN_EMPTY_BODY = YES;
				CLANG_WARN_ENUM_CONVERSION = YES;
				CLANG_WARN_INFINITE_RECURSION = YES;
				CLANG_WARN_INT_CONVERSION = YES;
				CLANG_WARN_NON_LITERAL_NULL_CONVERSION = YES;
				CLANG_WARN_OBJC_IMPLICIT_RETAIN_SELF = YES;
				CLANG_WARN_OBJC_LITERAL_CONVERSION = YES;
				CLANG_WARN_OBJC_ROOT_CLASS = YES_ERROR;
				CLANG_WARN_QUOTED_INCLUDE_IN_FRAMEWORK_HEADER = YES;
				CLANG_WARN_RANGE_LOOP_ANALYSIS = YES;
				CLANG_WARN_STRICT_PROTOTYPES = YES;
				CLANG_WARN_SUSPICIOUS_MOVE = YES;
				CLANG_WARN_UNGUARDED_AVAILABILITY = YES_AGGRESSIVE;
				CLANG_WARN_UNREACHABLE_CODE = YES;
				CLANG_WARN__DUPLICATE_METHOD_MATCH = YES;
				COPY_PHASE_STRIP = NO;
				DEBUG_INFORMATION_FORMAT = dwarf;
				ENABLE_STRICT_OBJC_MSGSEND = YES;
				ENABLE_TESTABILITY = YES;
				ENABLE_USER_SCRIPT_SANDBOXING = YES;
				GCC_C_LANGUAGE_STANDARD = gnu17;
				GCC_DYNAMIC_NO_PIC = NO;
				GCC_NO_COMMON_BLOCKS = YES;
				GCC_OPTIMIZATION_LEVEL = 0;
				GCC_PREPROCESSOR_DEFINITIONS = (
					"DEBUG=1",
					"$(inherited)",
				);
				GCC_WARN_64_TO_32_BIT_CONVERSION = YES;
				GCC_WARN_ABOUT_RETURN_TYPE = YES_ERROR;
				GCC_WARN_UNDECLARED_SELECTOR = YES;
				GCC_WARN_UNINITIALIZED_AUTOS = YES_AGGRESSIVE;
				GCC_WARN_UNUSED_FUNCTION = YES;
				GCC_WARN_UNUSED_VARIABLE = YES;
				IPHONEOS_DEPLOYMENT_TARGET = 17.0;
				LOCALIZATION_PREFERS_STRING_CATALOGS = YES;
				MTL_ENABLE_DEBUG_INFO = INCLUDE_SOURCE;
				MTL_FAST_MATH = YES;
				ONLY_ACTIVE_ARCH = YES;
				SDKROOT = iphoneos;
				SWIFT_ACTIVE_COMPILATION_CONDITIONS = "DEBUG $(inherited)";
				SWIFT_OPTIMIZATION_LEVEL = "-Onone";
			};
			name = Debug;
		};
		D7564F9C2AD772D6005247D6 /* Release */ = {
			isa = XCBuildConfiguration;
			buildSettings = {
				ALWAYS_SEARCH_USER_PATHS = NO;
				ASSETCATALOG_COMPILER_GENERATE_SWIFT_ASSET_SYMBOL_EXTENSIONS = YES;
				CLANG_ANALYZER_NONNULL = YES;
				CLANG_ANALYZER_NUMBER_OBJECT_CONVERSION = YES_AGGRESSIVE;
				CLANG_CXX_LANGUAGE_STANDARD = "gnu++20";
				CLANG_ENABLE_MODULES = YES;
				CLANG_ENABLE_OBJC_ARC = YES;
				CLANG_ENABLE_OBJC_WEAK = YES;
				CLANG_WARN_BLOCK_CAPTURE_AUTORELEASING = YES;
				CLANG_WARN_BOOL_CONVERSION = YES;
				CLANG_WARN_COMMA = YES;
				CLANG_WARN_CONSTANT_CONVERSION = YES;
				CLANG_WARN_DEPRECATED_OBJC_IMPLEMENTATIONS = YES;
				CLANG_WARN_DIRECT_OBJC_ISA_USAGE = YES_ERROR;
				CLANG_WARN_DOCUMENTATION_COMMENTS = YES;
				CLANG_WARN_EMPTY_BODY = YES;
				CLANG_WARN_ENUM_CONVERSION = YES;
				CLANG_WARN_INFINITE_RECURSION = YES;
				CLANG_WARN_INT_CONVERSION = YES;
				CLANG_WARN_NON_LITERAL_NULL_CONVERSION = YES;
				CLANG_WARN_OBJC_IMPLICIT_RETAIN_SELF = YES;
				CLANG_WARN_OBJC_LITERAL_CONVERSION = YES;
				CLANG_WARN_OBJC_ROOT_CLASS = YES_ERROR;
				CLANG_WARN_QUOTED_INCLUDE_IN_FRAMEWORK_HEADER = YES;
				CLANG_WARN_RANGE_LOOP_ANALYSIS = YES;
				CLANG_WARN_STRICT_PROTOTYPES = YES;
				CLANG_WARN_SUSPICIOUS_MOVE = YES;
				CLANG_WARN_UNGUARDED_AVAILABILITY = YES_AGGRESSIVE;
				CLANG_WARN_UNREACHABLE_CODE = YES;
				CLANG_WARN__DUPLICATE_METHOD_MATCH = YES;
				COPY_PHASE_STRIP = NO;
				DEBUG_INFORMATION_FORMAT = "dwarf-with-dsym";
				ENABLE_NS_ASSERTIONS = NO;
				ENABLE_STRICT_OBJC_MSGSEND = YES;
				ENABLE_USER_SCRIPT_SANDBOXING = YES;
				GCC_C_LANGUAGE_STANDARD = gnu17;
				GCC_NO_COMMON_BLOCKS = YES;
				GCC_WARN_64_TO_32_BIT_CONVERSION = YES;
				GCC_WARN_ABOUT_RETURN_TYPE = YES_ERROR;
				GCC_WARN_UNDECLARED_SELECTOR = YES;
				GCC_WARN_UNINITIALIZED_AUTOS = YES_AGGRESSIVE;
				GCC_WARN_UNUSED_FUNCTION = YES;
				GCC_WARN_UNUSED_VARIABLE = YES;
				IPHONEOS_DEPLOYMENT_TARGET = 17.0;
				LOCALIZATION_PREFERS_STRING_CATALOGS = YES;
				MTL_ENABLE_DEBUG_INFO = NO;
				MTL_FAST_MATH = YES;
				SDKROOT = iphoneos;
				SWIFT_COMPILATION_MODE = wholemodule;
				VALIDATE_PRODUCT = YES;
			};
			name = Release;
		};
		D7564F9E2AD772D6005247D6 /* Debug */ = {
			isa = XCBuildConfiguration;
			baseConfigurationReference = 9F35822F19A63B5623A3C746 /* Pods-BootCamp.debug.xcconfig */;
			buildSettings = {
				ASSETCATALOG_COMPILER_APPICON_NAME = AppIcon;
				ASSETCATALOG_COMPILER_GLOBAL_ACCENT_COLOR_NAME = AccentColor;
				CODE_SIGN_STYLE = Automatic;
				CURRENT_PROJECT_VERSION = 1;
				ENABLE_USER_SCRIPT_SANDBOXING = NO;
				GENERATE_INFOPLIST_FILE = YES;
				INFOPLIST_FILE = BootCamp/Info.plist;
				INFOPLIST_KEY_UIApplicationSupportsIndirectInputEvents = YES;
				INFOPLIST_KEY_UILaunchStoryboardName = LaunchScreen;
				INFOPLIST_KEY_UIMainStoryboardFile = Main;
				INFOPLIST_KEY_UISupportedInterfaceOrientations_iPad = "UIInterfaceOrientationPortrait UIInterfaceOrientationPortraitUpsideDown UIInterfaceOrientationLandscapeLeft UIInterfaceOrientationLandscapeRight";
				INFOPLIST_KEY_UISupportedInterfaceOrientations_iPhone = "UIInterfaceOrientationPortrait UIInterfaceOrientationLandscapeLeft UIInterfaceOrientationLandscapeRight";
				LD_RUNPATH_SEARCH_PATHS = (
					"$(inherited)",
					"@executable_path/Frameworks",
				);
				MARKETING_VERSION = 1.0;
				PRODUCT_BUNDLE_IDENTIFIER = BootCampTrain.BootCamp;
				PRODUCT_NAME = "$(TARGET_NAME)";
				SWIFT_EMIT_LOC_STRINGS = YES;
				SWIFT_VERSION = 5.0;
				TARGETED_DEVICE_FAMILY = "1,2";
			};
			name = Debug;
		};
		D7564F9F2AD772D6005247D6 /* Release */ = {
			isa = XCBuildConfiguration;
			baseConfigurationReference = 9E8AEBF6C50CD3A4C4703B1B /* Pods-BootCamp.release.xcconfig */;
			buildSettings = {
				ASSETCATALOG_COMPILER_APPICON_NAME = AppIcon;
				ASSETCATALOG_COMPILER_GLOBAL_ACCENT_COLOR_NAME = AccentColor;
				CODE_SIGN_STYLE = Automatic;
				CURRENT_PROJECT_VERSION = 1;
				ENABLE_USER_SCRIPT_SANDBOXING = NO;
				GENERATE_INFOPLIST_FILE = YES;
				INFOPLIST_FILE = BootCamp/Info.plist;
				INFOPLIST_KEY_UIApplicationSupportsIndirectInputEvents = YES;
				INFOPLIST_KEY_UILaunchStoryboardName = LaunchScreen;
				INFOPLIST_KEY_UIMainStoryboardFile = Main;
				INFOPLIST_KEY_UISupportedInterfaceOrientations_iPad = "UIInterfaceOrientationPortrait UIInterfaceOrientationPortraitUpsideDown UIInterfaceOrientationLandscapeLeft UIInterfaceOrientationLandscapeRight";
				INFOPLIST_KEY_UISupportedInterfaceOrientations_iPhone = "UIInterfaceOrientationPortrait UIInterfaceOrientationLandscapeLeft UIInterfaceOrientationLandscapeRight";
				LD_RUNPATH_SEARCH_PATHS = (
					"$(inherited)",
					"@executable_path/Frameworks",
				);
				MARKETING_VERSION = 1.0;
				PRODUCT_BUNDLE_IDENTIFIER = BootCampTrain.BootCamp;
				PRODUCT_NAME = "$(TARGET_NAME)";
				SWIFT_EMIT_LOC_STRINGS = YES;
				SWIFT_VERSION = 5.0;
				TARGETED_DEVICE_FAMILY = "1,2";
			};
			name = Release;
		};
		D7564FA12AD772D6005247D6 /* Debug */ = {
			isa = XCBuildConfiguration;
			baseConfigurationReference = 99A6B1448645735AC2D8E8B2 /* Pods-BootCampTests.debug.xcconfig */;
			buildSettings = {
				ALWAYS_EMBED_SWIFT_STANDARD_LIBRARIES = YES;
				BUNDLE_LOADER = "$(TEST_HOST)";
				CODE_SIGN_STYLE = Automatic;
				CURRENT_PROJECT_VERSION = 1;
				GENERATE_INFOPLIST_FILE = YES;
				IPHONEOS_DEPLOYMENT_TARGET = 17.0;
				MARKETING_VERSION = 1.0;
				PRODUCT_BUNDLE_IDENTIFIER = BootCampTrain.BootCampTests;
				PRODUCT_NAME = "$(TARGET_NAME)";
				SWIFT_EMIT_LOC_STRINGS = NO;
				SWIFT_VERSION = 5.0;
				TARGETED_DEVICE_FAMILY = "1,2";
				TEST_HOST = "$(BUILT_PRODUCTS_DIR)/BootCamp.app/$(BUNDLE_EXECUTABLE_FOLDER_PATH)/BootCamp";
			};
			name = Debug;
		};
		D7564FA22AD772D6005247D6 /* Release */ = {
			isa = XCBuildConfiguration;
			baseConfigurationReference = 3FFFCBF0CE2872381453EB81 /* Pods-BootCampTests.release.xcconfig */;
			buildSettings = {
				ALWAYS_EMBED_SWIFT_STANDARD_LIBRARIES = YES;
				BUNDLE_LOADER = "$(TEST_HOST)";
				CODE_SIGN_STYLE = Automatic;
				CURRENT_PROJECT_VERSION = 1;
				GENERATE_INFOPLIST_FILE = YES;
				IPHONEOS_DEPLOYMENT_TARGET = 17.0;
				MARKETING_VERSION = 1.0;
				PRODUCT_BUNDLE_IDENTIFIER = BootCampTrain.BootCampTests;
				PRODUCT_NAME = "$(TARGET_NAME)";
				SWIFT_EMIT_LOC_STRINGS = NO;
				SWIFT_VERSION = 5.0;
				TARGETED_DEVICE_FAMILY = "1,2";
				TEST_HOST = "$(BUILT_PRODUCTS_DIR)/BootCamp.app/$(BUNDLE_EXECUTABLE_FOLDER_PATH)/BootCamp";
			};
			name = Release;
		};
		D7564FA42AD772D6005247D6 /* Debug */ = {
			isa = XCBuildConfiguration;
			baseConfigurationReference = D5DBA0D1507FE7C00925D2DD /* Pods-BootCamp-BootCampUITests.debug.xcconfig */;
			buildSettings = {
				ALWAYS_EMBED_SWIFT_STANDARD_LIBRARIES = YES;
				CODE_SIGN_STYLE = Automatic;
				CURRENT_PROJECT_VERSION = 1;
				GENERATE_INFOPLIST_FILE = YES;
				MARKETING_VERSION = 1.0;
				PRODUCT_BUNDLE_IDENTIFIER = BootCampTrain.BootCampUITests;
				PRODUCT_NAME = "$(TARGET_NAME)";
				SWIFT_EMIT_LOC_STRINGS = NO;
				SWIFT_VERSION = 5.0;
				TARGETED_DEVICE_FAMILY = "1,2";
				TEST_TARGET_NAME = BootCamp;
			};
			name = Debug;
		};
		D7564FA52AD772D6005247D6 /* Release */ = {
			isa = XCBuildConfiguration;
			baseConfigurationReference = 20618C5CA8D788C50DAA4B84 /* Pods-BootCamp-BootCampUITests.release.xcconfig */;
			buildSettings = {
				ALWAYS_EMBED_SWIFT_STANDARD_LIBRARIES = YES;
				CODE_SIGN_STYLE = Automatic;
				CURRENT_PROJECT_VERSION = 1;
				GENERATE_INFOPLIST_FILE = YES;
				MARKETING_VERSION = 1.0;
				PRODUCT_BUNDLE_IDENTIFIER = BootCampTrain.BootCampUITests;
				PRODUCT_NAME = "$(TARGET_NAME)";
				SWIFT_EMIT_LOC_STRINGS = NO;
				SWIFT_VERSION = 5.0;
				TARGETED_DEVICE_FAMILY = "1,2";
				TEST_TARGET_NAME = BootCamp;
			};
			name = Release;
		};
/* End XCBuildConfiguration section */

/* Begin XCConfigurationList section */
		D7564F6E2AD772D4005247D6 /* Build configuration list for PBXProject "BootCamp" */ = {
			isa = XCConfigurationList;
			buildConfigurations = (
				D7564F9B2AD772D6005247D6 /* Debug */,
				D7564F9C2AD772D6005247D6 /* Release */,
			);
			defaultConfigurationIsVisible = 0;
			defaultConfigurationName = Release;
		};
		D7564F9D2AD772D6005247D6 /* Build configuration list for PBXNativeTarget "BootCamp" */ = {
			isa = XCConfigurationList;
			buildConfigurations = (
				D7564F9E2AD772D6005247D6 /* Debug */,
				D7564F9F2AD772D6005247D6 /* Release */,
			);
			defaultConfigurationIsVisible = 0;
			defaultConfigurationName = Release;
		};
		D7564FA02AD772D6005247D6 /* Build configuration list for PBXNativeTarget "BootCampTests" */ = {
			isa = XCConfigurationList;
			buildConfigurations = (
				D7564FA12AD772D6005247D6 /* Debug */,
				D7564FA22AD772D6005247D6 /* Release */,
			);
			defaultConfigurationIsVisible = 0;
			defaultConfigurationName = Release;
		};
		D7564FA32AD772D6005247D6 /* Build configuration list for PBXNativeTarget "BootCampUITests" */ = {
			isa = XCConfigurationList;
			buildConfigurations = (
				D7564FA42AD772D6005247D6 /* Debug */,
				D7564FA52AD772D6005247D6 /* Release */,
			);
			defaultConfigurationIsVisible = 0;
			defaultConfigurationName = Release;
		};
/* End XCConfigurationList section */
	};
	rootObject = D7564F6B2AD772D4005247D6 /* Project object */;
}
